{
    "name": "@s-graber/ra-supabase",
    "version": "1.1.4",
    "lockfileVersion": 1,
    "requires": true,
    "dependencies": {
        "@s-graber/ra-supabase-core": {
            "version": "1.1.2",
            "resolved": "https://npm.pkg.github.com/download/@s-graber/ra-supabase-core/1.1.2/00ffd2b0f37e9578a57dfe67054ea083a9a0d9e1951179c4f386c2f74d51fc8b",
            "integrity": "sha512-laAXpfWgNVTCke1egoSwSE1/+JqfXRDrmYh/xi8CR6G22FKp9nFog2klMG+7AlkgXmxlZ2saA+1XknDiJhsuZA==",
            "requires": {
                "@types/jwt-decode": "^3.1.0",
                "jwt-decode": "^3.1.2"
            }
        },
        "@s-graber/ra-supabase-language-english": {
            "version": "1.1.2",
            "resolved": "https://npm.pkg.github.com/download/@s-graber/ra-supabase-language-english/1.1.2/3df02d5f0129a7a74a9caa8acd1c9b84e37cb05afe8f237ee2b6fc097d6bc121",
            "integrity": "sha512-fpOD9f5ZC1CKaEs47Xdk1KTMwaU6FrbX5pUSD74WQ9vhXYZl0OD4+oi+nHE4I+YWhFDNaxVIa5BaXJ+Ybtsu3A=="
        },
        "@s-graber/ra-supabase-ui-materialui": {
            "version": "1.1.2",
            "resolved": "https://npm.pkg.github.com/download/@s-graber/ra-supabase-ui-materialui/1.1.2/39eca1470a8c4513a1a16138662a13d71f262e678b1a72373d2568d511c81fd5",
            "integrity": "sha512-try0RmpwTWHpPSF4F8mwgeK5zTu7kK7j63wZcIQwuVb+OsAhnEYsuuN+qXlTgGammQD2s+lnTD4W/Th7qrs3Tg==",
            "requires": {
                "@s-graber/ra-supabase-core": "^1.1.2"
            }
        },
        "@types/jwt-decode": {
            "version": "3.1.0",
            "resolved": "https://registry.npmjs.org/@types/jwt-decode/-/jwt-decode-3.1.0.tgz",
            "integrity": "sha512-tthwik7TKkou3mVnBnvVuHnHElbjtdbM63pdBCbZTirCt3WAdM73Y79mOri7+ljsS99ZVwUFZHLMxJuJnv/z1w==",
            "requires": {
                "jwt-decode": "*"
            }
        },
        "jwt-decode": {
            "version": "3.1.2",
            "resolved": "https://registry.npmjs.org/jwt-decode/-/jwt-decode-3.1.2.tgz",
            "integrity": "sha512-UfpWE/VZn0iP50d8cz9NrZLM9lSWhcJ+0Gt/nm4by88UL+J1SiKN8/5dkjMmbEzwL2CAe+67GsegCbIKtbp75A=="
        }
    }
}
